
Microsoft Visual Studio Solution File, Format Version 12.00
# Visual Studio Version 17
VisualStudioVersion = 17.9.34622.214
MinimumVisualStudioVersion = 10.0.40219.1
Project("{FAE04EC0-301F-11D3-BF4B-00C04F79EFBC}") = "RankCalculator", "RankCalculator\RankCalculator.csproj", "{B457CF1E-F3D8-4667-BD8C-08248E4A7D2D}"
EndProject
Global
	GlobalSection(SolutionConfigurationPlatforms) = preSolution
		Debug|Any CPU = Debug|Any CPU
		Release|Any CPU = Release|Any CPU
	EndGlobalSection
	GlobalSection(ProjectConfigurationPlatforms) = postSolution
		{B457CF1E-F3D8-4667-BD8C-08248E4A7D2D}.Debug|Any CPU.ActiveCfg = Debug|Any CPU
		{B457CF1E-F3D8-4667-BD8C-08248E4A7D2D}.Debug|Any CPU.Build.0 = Debug|Any CPU
		{B457CF1E-F3D8-4667-BD8C-08248E4A7D2D}.Release|Any CPU.ActiveCfg = Release|Any CPU
		{B457CF1E-F3D8-4667-BD8C-08248E4A7D2D}.Release|Any CPU.Build.0 = Release|Any CPU
	EndGlobalSection
	GlobalSection(SolutionProperties) = preSolution
		HideSolutionNode = FALSE
	EndGlobalSection
	GlobalSection(ExtensibilityGlobals) = postSolution
		SolutionGuid = {39BAACC5-EF93-483B-A222-3432AC7600AC}
	EndGlobalSection
EndGlobal
